// !$*UTF8*$!
{
	archiveVersion = 1;
	classes = {
	};
	objectVersion = 46;
	objects = {

/* Begin PBXBuildFile section */
		BE49E05B84E9D6EC4977BB06 /* UIKit.framework in Frameworks */ = {isa = PBXBuildFile; fileRef = BE49E5EDE9690039E324E8E3 /* UIKit.framework */; };
		BE49E074F725C922A942A2F6 /* PIViewController.m in Sources */ = {isa = PBXBuildFile; fileRef = BE49EDD69375A4105C3E5900 /* PIViewController.m */; };
		BE49E07A9AD5B49CD083006A /* XCTest.framework in Frameworks */ = {isa = PBXBuildFile; fileRef = BE49EA8C152EDBD2C86334B1 /* XCTest.framework */; };
		BE49E1459D20CF6C26365DF8 /* InfoPlist.strings in Resources */ = {isa = PBXBuildFile; fileRef = BE49E5AC72219A1DF558D4EF /* InfoPlist.strings */; };
		BE49E16DE998448391B675E0 /* UIKit.framework in Frameworks */ = {isa = PBXBuildFile; fileRef = BE49E5EDE9690039E324E8E3 /* UIKit.framework */; };
		BE49E23753EDB15995AED13D /* TabBar_Assets@2x.png in Resources */ = {isa = PBXBuildFile; fileRef = BE49E13BCB823AD49A3C441B /* TabBar_Assets@2x.png */; };
		BE49E2ABEFE6AF587D6715C9 /* Foundation.framework in Frameworks */ = {isa = PBXBuildFile; fileRef = BE49E0B4262D7407D68CD50F /* Foundation.framework */; };
		BE49E6675725005A567AF1E0 /* main.m in Sources */ = {isa = PBXBuildFile; fileRef = BE49EFC6EB4DE814FB223B25 /* main.m */; };
		BE49E703CC782C9AEC8FB64C /* PIAppDelegate.m in Sources */ = {isa = PBXBuildFile; fileRef = BE49EABA9D48F72A6A755316 /* PIAppDelegate.m */; };
		BE49E72D18E4FF71460D6CA7 /* CoreGraphics.framework in Frameworks */ = {isa = PBXBuildFile; fileRef = BE49E03DD082CD77FF2D05BA /* CoreGraphics.framework */; };
		BE49E7D1ED0AD55C2C026C8A /* subViewController.m in Sources */ = {isa = PBXBuildFile; fileRef = BE49ED447F52C3CCCB8B388E /* subViewController.m */; };
		BE49EA6BE43B365FAB309DBF /* PIDiscoveryViewController.m in Sources */ = {isa = PBXBuildFile; fileRef = BE49EFFC2177D774E40D973A /* PIDiscoveryViewController.m */; };
		BE49EB614F30E32CE3AD09BF /* Images.xcassets in Resources */ = {isa = PBXBuildFile; fileRef = BE49EFE1DB0F7DF369CA4F33 /* Images.xcassets */; };
		BE49EBF460C6FBE7F9899444 /* TabBar_Home@2x.png in Resources */ = {isa = PBXBuildFile; fileRef = BE49E1C9B2AD00A208DA60D3 /* TabBar_Home@2x.png */; };
		BE49ED9A05766C3FE20DC967 /* InfoPlist.strings in Resources */ = {isa = PBXBuildFile; fileRef = BE49E8F89FE0893FE0612516 /* InfoPlist.strings */; };
		BE49EE0C3BA751539E074852 /* Foundation.framework in Frameworks */ = {isa = PBXBuildFile; fileRef = BE49E0B4262D7407D68CD50F /* Foundation.framework */; };
		BE49EF15DB11E577E4415EF0 /* TabBar_Security@2x.png in Resources */ = {isa = PBXBuildFile; fileRef = BE49E091381091828227A12A /* TabBar_Security@2x.png */; };
		BE49EF45FA28830A0B321674 /* tabBarControllerTests.m in Sources */ = {isa = PBXBuildFile; fileRef = BE49E444BC7785AE507C7DB9 /* tabBarControllerTests.m */; };
		BE49EF5B4D6CF433FABE4A5A /* TabBar_Bill@2x.png in Resources */ = {isa = PBXBuildFile; fileRef = BE49EDE7010071D8C0DABC8B /* TabBar_Bill@2x.png */; };
		BE49EFF3880059F401BBAD3D /* PIMusicViewController.m in Sources */ = {isa = PBXBuildFile; fileRef = BE49E6C136E66AA464F1AD69 /* PIMusicViewController.m */; };
/* End PBXBuildFile section */

/* Begin PBXContainerItemProxy section */
		BE49E7459F57692905811CFF /* PBXContainerItemProxy */ = {
			isa = PBXContainerItemProxy;
			containerPortal = BE49EBF4F519F266CB3AC18F /* Project object */;
			proxyType = 1;
			remoteGlobalIDString = BE49EA88B9A5118B50681F2C;
			remoteInfo = tabBarController;
		};
/* End PBXContainerItemProxy section */

/* Begin PBXFileReference section */
		BE49E03DD082CD77FF2D05BA /* CoreGraphics.framework */ = {isa = PBXFileReference; lastKnownFileType = wrapper.framework; name = CoreGraphics.framework; path = System/Library/Frameworks/CoreGraphics.framework; sourceTree = SDKROOT; };
		BE49E091381091828227A12A /* TabBar_Security@2x.png */ = {isa = PBXFileReference; lastKnownFileType = image.png; path = "TabBar_Security@2x.png"; sourceTree = "<group>"; };
		BE49E0B4262D7407D68CD50F /* Foundation.framework */ = {isa = PBXFileReference; lastKnownFileType = wrapper.framework; name = Foundation.framework; path = System/Library/Frameworks/Foundation.framework; sourceTree = SDKROOT; };
		BE49E0CE4869911E728549E5 /* tabBarController-Info.plist */ = {isa = PBXFileReference; lastKnownFileType = text.plist.info; path = "tabBarController-Info.plist"; sourceTree = "<group>"; };
		BE49E13BCB823AD49A3C441B /* TabBar_Assets@2x.png */ = {isa = PBXFileReference; lastKnownFileType = image.png; path = "TabBar_Assets@2x.png"; sourceTree = "<group>"; };
		BE49E1C9B2AD00A208DA60D3 /* TabBar_Home@2x.png */ = {isa = PBXFileReference; lastKnownFileType = image.png; path = "TabBar_Home@2x.png"; sourceTree = "<group>"; };
		BE49E1EFFA2C39EC3E503A35 /* PIViewController.h */ = {isa = PBXFileReference; lastKnownFileType = sourcecode.c.h; path = PIViewController.h; sourceTree = "<group>"; };
		BE49E3091E95D3D8ACA7489A /* subViewController.h */ = {isa = PBXFileReference; fileEncoding = 4; lastKnownFileType = sourcecode.c.h; path = subViewController.h; sourceTree = "<group>"; };
		BE49E32F2E05711DC9AA48A4 /* tabBarController.app */ = {isa = PBXFileReference; explicitFileType = wrapper.application; includeInIndex = 0; path = tabBarController.app; sourceTree = BUILT_PRODUCTS_DIR; };
		BE49E3A894FEAE6DB2106725 /* tabBarControllerTests-Info.plist */ = {isa = PBXFileReference; lastKnownFileType = text.plist.info; path = "tabBarControllerTests-Info.plist"; sourceTree = "<group>"; };
		BE49E444BC7785AE507C7DB9 /* tabBarControllerTests.m */ = {isa = PBXFileReference; lastKnownFileType = sourcecode.c.objc; path = tabBarControllerTests.m; sourceTree = "<group>"; };
		BE49E547C55E355D840AAD81 /* PIMusicViewController.h */ = {isa = PBXFileReference; fileEncoding = 4; lastKnownFileType = sourcecode.c.h; path = PIMusicViewController.h; sourceTree = "<group>"; };
		BE49E5628F64C9826608A659 /* en */ = {isa = PBXFileReference; lastKnownFileType = text.plist.strings; name = en; path = en.lproj/InfoPlist.strings; sourceTree = "<group>"; };
		BE49E5EDE9690039E324E8E3 /* UIKit.framework */ = {isa = PBXFileReference; lastKnownFileType = wrapper.framework; name = UIKit.framework; path = System/Library/Frameworks/UIKit.framework; sourceTree = SDKROOT; };
		BE49E64C6AD267AEE9EFB2D9 /* en */ = {isa = PBXFileReference; lastKnownFileType = text.plist.strings; name = en; path = en.lproj/InfoPlist.strings; sourceTree = "<group>"; };
		BE49E6C136E66AA464F1AD69 /* PIMusicViewController.m */ = {isa = PBXFileReference; fileEncoding = 4; lastKnownFileType = sourcecode.c.objc; path = PIMusicViewController.m; sourceTree = "<group>"; };
		BE49E80F1831571C4D28B326 /* tabBarController-Prefix.pch */ = {isa = PBXFileReference; lastKnownFileType = sourcecode.c.h; path = "tabBarController-Prefix.pch"; sourceTree = "<group>"; };
		BE49E8CFAB7884B52BBC5940 /* PIDiscoveryViewController.h */ = {isa = PBXFileReference; fileEncoding = 4; lastKnownFileType = sourcecode.c.h; path = PIDiscoveryViewController.h; sourceTree = "<group>"; };
		BE49EA8C152EDBD2C86334B1 /* XCTest.framework */ = {isa = PBXFileReference; lastKnownFileType = wrapper.framework; name = XCTest.framework; path = Library/Frameworks/XCTest.framework; sourceTree = DEVELOPER_DIR; };
		BE49EABA9D48F72A6A755316 /* PIAppDelegate.m */ = {isa = PBXFileReference; lastKnownFileType = sourcecode.c.objc; path = PIAppDelegate.m; sourceTree = "<group>"; };
		BE49EB9CC8A273629B89CFB4 /* tabBarControllerTests.xctest */ = {isa = PBXFileReference; explicitFileType = wrapper.cfbundle; includeInIndex = 0; path = tabBarControllerTests.xctest; sourceTree = BUILT_PRODUCTS_DIR; };
		BE49ED447F52C3CCCB8B388E /* subViewController.m */ = {isa = PBXFileReference; fileEncoding = 4; lastKnownFileType = sourcecode.c.objc; path = subViewController.m; sourceTree = "<group>"; };
		BE49EDD69375A4105C3E5900 /* PIViewController.m */ = {isa = PBXFileReference; lastKnownFileType = sourcecode.c.objc; path = PIViewController.m; sourceTree = "<group>"; };
		BE49EDE7010071D8C0DABC8B /* TabBar_Bill@2x.png */ = {isa = PBXFileReference; lastKnownFileType = image.png; path = "TabBar_Bill@2x.png"; sourceTree = "<group>"; };
		BE49EE96E6147BB6A49B7A72 /* PIAppDelegate.h */ = {isa = PBXFileReference; lastKnownFileType = sourcecode.c.h; path = PIAppDelegate.h; sourceTree = "<group>"; };
		BE49EFC6EB4DE814FB223B25 /* main.m */ = {isa = PBXFileReference; lastKnownFileType = sourcecode.c.objc; path = main.m; sourceTree = "<group>"; };
		BE49EFE1DB0F7DF369CA4F33 /* Images.xcassets */ = {isa = PBXFileReference; lastKnownFileType = folder.assetcatalog; path = Images.xcassets; sourceTree = "<group>"; };
		BE49EFFC2177D774E40D973A /* PIDiscoveryViewController.m */ = {isa = PBXFileReference; fileEncoding = 4; lastKnownFileType = sourcecode.c.objc; path = PIDiscoveryViewController.m; sourceTree = "<group>"; };
/* End PBXFileReference section */

/* Begin PBXFrameworksBuildPhase section */
		BE49E9C51F03B44B71259BD6 /* Frameworks */ = {
			isa = PBXFrameworksBuildPhase;
			buildActionMask = 2147483647;
			files = (
				BE49E2ABEFE6AF587D6715C9 /* Foundation.framework in Frameworks */,
				BE49E72D18E4FF71460D6CA7 /* CoreGraphics.framework in Frameworks */,
				BE49E05B84E9D6EC4977BB06 /* UIKit.framework in Frameworks */,
			);
			runOnlyForDeploymentPostprocessing = 0;
		};
		BE49ED1D500960D12AF19B77 /* Frameworks */ = {
			isa = PBXFrameworksBuildPhase;
			buildActionMask = 2147483647;
			files = (
				BE49E07A9AD5B49CD083006A /* XCTest.framework in Frameworks */,
				BE49EE0C3BA751539E074852 /* Foundation.framework in Frameworks */,
				BE49E16DE998448391B675E0 /* UIKit.framework in Frameworks */,
			);
			runOnlyForDeploymentPostprocessing = 0;
		};
/* End PBXFrameworksBuildPhase section */

/* Begin PBXGroup section */
		BE49E2C07A94FB4CF3779FA1 /* assets */ = {
			isa = PBXGroup;
			children = (
				BE49E13BCB823AD49A3C441B /* TabBar_Assets@2x.png */,
				BE49E091381091828227A12A /* TabBar_Security@2x.png */,
				BE49EDE7010071D8C0DABC8B /* TabBar_Bill@2x.png */,
				BE49E1C9B2AD00A208DA60D3 /* TabBar_Home@2x.png */,
			);
			path = assets;
			sourceTree = "<group>";
		};
		BE49E35A9F2CAC7ECA720818 /* Supporting Files */ = {
			isa = PBXGroup;
			children = (
				BE49E0CE4869911E728549E5 /* tabBarController-Info.plist */,
				BE49E8F89FE0893FE0612516 /* InfoPlist.strings */,
				BE49EFC6EB4DE814FB223B25 /* main.m */,
				BE49E80F1831571C4D28B326 /* tabBarController-Prefix.pch */,
			);
			name = "Supporting Files";
			sourceTree = "<group>";
		};
		BE49E3A5DF82E251BFD0F649 /* Supporting Files */ = {
			isa = PBXGroup;
			children = (
				BE49E3A894FEAE6DB2106725 /* tabBarControllerTests-Info.plist */,
				BE49E5AC72219A1DF558D4EF /* InfoPlist.strings */,
			);
			name = "Supporting Files";
			sourceTree = "<group>";
		};
		BE49E44C17E9722DEA590893 /* Frameworks */ = {
			isa = PBXGroup;
			children = (
				BE49E0B4262D7407D68CD50F /* Foundation.framework */,
				BE49E03DD082CD77FF2D05BA /* CoreGraphics.framework */,
				BE49E5EDE9690039E324E8E3 /* UIKit.framework */,
				BE49EA8C152EDBD2C86334B1 /* XCTest.framework */,
			);
			name = Frameworks;
			sourceTree = "<group>";
		};
		BE49E98DFC179B7B6A71B344 /* tabBarControllerTests */ = {
			isa = PBXGroup;
			children = (
				BE49E3A5DF82E251BFD0F649 /* Supporting Files */,
				BE49E444BC7785AE507C7DB9 /* tabBarControllerTests.m */,
			);
			path = tabBarControllerTests;
			sourceTree = "<group>";
		};
		BE49EC9CE6B33D20DA097C0F /* Products */ = {
			isa = PBXGroup;
			children = (
				BE49E32F2E05711DC9AA48A4 /* tabBarController.app */,
				BE49EB9CC8A273629B89CFB4 /* tabBarControllerTests.xctest */,
			);
			name = Products;
			sourceTree = "<group>";
		};
		BE49EE12CAD669DB49781CE5 = {
			isa = PBXGroup;
			children = (
				BE49EC9CE6B33D20DA097C0F /* Products */,
				BE49E44C17E9722DEA590893 /* Frameworks */,
				BE49EF962A93FFD9F3D05EC5 /* tabBarController */,
				BE49E98DFC179B7B6A71B344 /* tabBarControllerTests */,
			);
			sourceTree = "<group>";
		};
		BE49EF962A93FFD9F3D05EC5 /* tabBarController */ = {
			isa = PBXGroup;
			children = (
				BE49E35A9F2CAC7ECA720818 /* Supporting Files */,
				BE49EE96E6147BB6A49B7A72 /* PIAppDelegate.h */,
				BE49EABA9D48F72A6A755316 /* PIAppDelegate.m */,
				BE49EFE1DB0F7DF369CA4F33 /* Images.xcassets */,
				BE49E1EFFA2C39EC3E503A35 /* PIViewController.h */,
				BE49EDD69375A4105C3E5900 /* PIViewController.m */,
				BE49EFFC2177D774E40D973A /* PIDiscoveryViewController.m */,
				BE49E8CFAB7884B52BBC5940 /* PIDiscoveryViewController.h */,
				BE49E6C136E66AA464F1AD69 /* PIMusicViewController.m */,
				BE49E547C55E355D840AAD81 /* PIMusicViewController.h */,
				BE49ED447F52C3CCCB8B388E /* subViewController.m */,
				BE49E3091E95D3D8ACA7489A /* subViewController.h */,
				BE49E2C07A94FB4CF3779FA1 /* assets */,
			);
			path = tabBarController;
			sourceTree = "<group>";
		};
/* End PBXGroup section */

/* Begin PBXNativeTarget section */
		BE49EA88B9A5118B50681F2C /* tabBarController */ = {
			isa = PBXNativeTarget;
			buildConfigurationList = BE49EBA1E158E7BB27F6F72B /* Build configuration list for PBXNativeTarget "tabBarController" */;
			buildPhases = (
				BE49E8A04B8B59E234E68B77 /* Sources */,
				BE49E9C51F03B44B71259BD6 /* Frameworks */,
				BE49EFC61024B45B09C8D87A /* Resources */,
			);
			buildRules = (
			);
			dependencies = (
			);
			name = tabBarController;
			productName = tabBarController;
			productReference = BE49E32F2E05711DC9AA48A4 /* tabBarController.app */;
			productType = "com.apple.product-type.application";
		};
		BE49EC45E95B5EE772D76FAC /* tabBarControllerTests */ = {
			isa = PBXNativeTarget;
			buildConfigurationList = BE49EA81677B3386B8685E68 /* Build configuration list for PBXNativeTarget "tabBarControllerTests" */;
			buildPhases = (
				BE49EDDC2EC23B96B87D5BC5 /* Sources */,
				BE49ED1D500960D12AF19B77 /* Frameworks */,
				BE49E3780F67FF2344A27A6E /* Resources */,
			);
			buildRules = (
			);
			dependencies = (
				BE49E877C365342011A40B98 /* PBXTargetDependency */,
			);
			name = tabBarControllerTests;
			productName = tabBarControllerTests;
			productReference = BE49EB9CC8A273629B89CFB4 /* tabBarControllerTests.xctest */;
			productType = "com.apple.product-type.bundle.unit-test";
		};
/* End PBXNativeTarget section */

/* Begin PBXProject section */
		BE49EBF4F519F266CB3AC18F /* Project object */ = {
			isa = PBXProject;
			attributes = {
				ORGANIZATIONNAME = alipay;
			};
			buildConfigurationList = BE49EACB88CDF6D678DDB369 /* Build configuration list for PBXProject "tabBarController" */;
			compatibilityVersion = "Xcode 3.2";
			developmentRegion = English;
			hasScannedForEncodings = 0;
			knownRegions = (
				en,
			);
			mainGroup = BE49EE12CAD669DB49781CE5;
			productRefGroup = BE49EC9CE6B33D20DA097C0F /* Products */;
			projectDirPath = "";
			projectRoot = "";
			targets = (
				BE49EA88B9A5118B50681F2C /* tabBarController */,
				BE49EC45E95B5EE772D76FAC /* tabBarControllerTests */,
			);
		};
/* End PBXProject section */

/* Begin PBXResourcesBuildPhase section */
		BE49E3780F67FF2344A27A6E /* Resources */ = {
			isa = PBXResourcesBuildPhase;
			buildActionMask = 2147483647;
			files = (
				BE49E1459D20CF6C26365DF8 /* InfoPlist.strings in Resources */,
			);
			runOnlyForDeploymentPostprocessing = 0;
		};
		BE49EFC61024B45B09C8D87A /* Resources */ = {
			isa = PBXResourcesBuildPhase;
			buildActionMask = 2147483647;
			files = (
				BE49ED9A05766C3FE20DC967 /* InfoPlist.strings in Resources */,
				BE49EB614F30E32CE3AD09BF /* Images.xcassets in Resources */,
				BE49E23753EDB15995AED13D /* TabBar_Assets@2x.png in Resources */,
				BE49EF15DB11E577E4415EF0 /* TabBar_Security@2x.png in Resources */,
				BE49EF5B4D6CF433FABE4A5A /* TabBar_Bill@2x.png in Resources */,
				BE49EBF460C6FBE7F9899444 /* TabBar_Home@2x.png in Resources */,
			);
			runOnlyForDeploymentPostprocessing = 0;
		};
/* End PBXResourcesBuildPhase section */

/* Begin PBXSourcesBuildPhase section */
		BE49E8A04B8B59E234E68B77 /* Sources */ = {
			isa = PBXSourcesBuildPhase;
			buildActionMask = 2147483647;
			files = (
				BE49E6675725005A567AF1E0 /* main.m in Sources */,
				BE49E703CC782C9AEC8FB64C /* PIAppDelegate.m in Sources */,
				BE49E074F725C922A942A2F6 /* PIViewController.m in Sources */,
				BE49EA6BE43B365FAB309DBF /* PIDiscoveryViewController.m in Sources */,
				BE49EFF3880059F401BBAD3D /* PIMusicViewController.m in Sources */,
				BE49E7D1ED0AD55C2C026C8A /* subViewController.m in Sources */,
			);
			runOnlyForDeploymentPostprocessing = 0;
		};
		BE49EDDC2EC23B96B87D5BC5 /* Sources */ = {
			isa = PBXSourcesBuildPhase;
			buildActionMask = 2147483647;
			files = (
				BE49EF45FA28830A0B321674 /* tabBarControllerTests.m in Sources */,
			);
			runOnlyForDeploymentPostprocessing = 0;
		};
/* End PBXSourcesBuildPhase section */

/* Begin PBXTargetDependency section */
		BE49E877C365342011A40B98 /* PBXTargetDependency */ = {
			isa = PBXTargetDependency;
			target = BE49EA88B9A5118B50681F2C /* tabBarController */;
			targetProxy = BE49E7459F57692905811CFF /* PBXContainerItemProxy */;
		};
/* End PBXTargetDependency section */

/* Begin PBXVariantGroup section */
		BE49E5AC72219A1DF558D4EF /* InfoPlist.strings */ = {
			isa = PBXVariantGroup;
			children = (
				BE49E64C6AD267AEE9EFB2D9 /* en */,
			);
			name = InfoPlist.strings;
			sourceTree = "<group>";
		};
		BE49E8F89FE0893FE0612516 /* InfoPlist.strings */ = {
			isa = PBXVariantGroup;
			children = (
				BE49E5628F64C9826608A659 /* en */,
			);
			name = InfoPlist.strings;
			sourceTree = "<group>";
		};
/* End PBXVariantGroup section */

/* Begin XCBuildConfiguration section */
		BE49E0049FFAEBA7007B5DC1 /* Debug */ = {
			isa = XCBuildConfiguration;
			buildSettings = {
				ASSETCATALOG_COMPILER_APPICON_NAME = AppIcon;
				ASSETCATALOG_COMPILER_LAUNCHIMAGE_NAME = LaunchImage;
				GCC_PRECOMPILE_PREFIX_HEADER = YES;
				GCC_PREFIX_HEADER = "tabBarController/tabBarController-Prefix.pch";
				INFOPLIST_FILE = "tabBarController/tabBarController-Info.plist";
				IPHONEOS_DEPLOYMENT_TARGET = 6.0;
				PRODUCT_NAME = "$(TARGET_NAME)";
				WRAPPER_EXTENSION = app;
			};
			name = Debug;
		};
		BE49E4688297A0B74484A75C /* Release */ = {
			isa = XCBuildConfiguration;
			buildSettings = {
				ALWAYS_SEARCH_USER_PATHS = NO;
				ARCHS = "$(ARCHS_STANDARD_INCLUDING_64_BIT)";
				CLANG_CXX_LANGUAGE_STANDARD = "gnu++0x";
				CLANG_CXX_LIBRARY = "libc++";
				CLANG_ENABLE_MODULES = YES;
				CLANG_ENABLE_OBJC_ARC = YES;
				CLANG_WARN_BOOL_CONVERSION = YES;
				CLANG_WARN_CONSTANT_CONVERSION = YES;
				CLANG_WARN_DIRECT_OBJC_ISA_USAGE = YES_ERROR;
				CLANG_WARN_EMPTY_BODY = YES;
				CLANG_WARN_ENUM_CONVERSION = YES;
				CLANG_WARN_INT_CONVERSION = YES;
				CLANG_WARN_OBJC_ROOT_CLASS = YES_ERROR;
				CLANG_WARN__DUPLICATE_METHOD_MATCH = YES;
				"CODE_SIGN_IDENTITY[sdk=iphoneos*]" = "iPhone Developer";
				COPY_PHASE_STRIP = YES;
				ENABLE_NS_ASSERTIONS = NO;
				GCC_C_LANGUAGE_STANDARD = gnu99;
				GCC_WARN_64_TO_32_BIT_CONVERSION = YES;
				GCC_WARN_ABOUT_RETURN_TYPE = YES_ERROR;
				GCC_WARN_UNDECLARED_SELECTOR = YES;
				GCC_WARN_UNINITIALIZED_AUTOS = YES;
				GCC_WARN_UNUSED_FUNCTION = YES;
				GCC_WARN_UNUSED_VARIABLE = YES;
				IPHONEOS_DEPLOYMENT_TARGET = 7.0;
				SDKROOT = iphoneos;
				VALIDATE_PRODUCT = YES;
			};
			name = Release;
		};
		BE49E646B55BA55C3A619DD3 /* Debug */ = {
			isa = XCBuildConfiguration;
			buildSettings = {
				ALWAYS_SEARCH_USER_PATHS = NO;
				ARCHS = "$(ARCHS_STANDARD_INCLUDING_64_BIT)";
				CLANG_CXX_LANGUAGE_STANDARD = "gnu++0x";
				CLANG_CXX_LIBRARY = "libc++";
				CLANG_ENABLE_MODULES = YES;
				CLANG_ENABLE_OBJC_ARC = YES;
				CLANG_WARN_BOOL_CONVERSION = YES;
				CLANG_WARN_CONSTANT_CONVERSION = YES;
				CLANG_WARN_DIRECT_OBJC_ISA_USAGE = YES_ERROR;
				CLANG_WARN_EMPTY_BODY = YES;
				CLANG_WARN_ENUM_CONVERSION = YES;
				CLANG_WARN_INT_CONVERSION = YES;
				CLANG_WARN_OBJC_ROOT_CLASS = YES_ERROR;
				CLANG_WARN__DUPLICATE_METHOD_MATCH = YES;
				"CODE_SIGN_IDENTITY[sdk=iphoneos*]" = "iPhone Developer";
				COPY_PHASE_STRIP = NO;
				GCC_C_LANGUAGE_STANDARD = gnu99;
				GCC_DYNAMIC_NO_PIC = NO;
				GCC_OPTIMIZATION_LEVEL = 0;
				GCC_PREPROCESSOR_DEFINITIONS = (
					"DEBUG=1",
					"$(inherited)",
				);
				GCC_SYMBOLS_PRIVATE_EXTERN = NO;
				GCC_WARN_64_TO_32_BIT_CONVERSION = YES;
				GCC_WARN_ABOUT_RETURN_TYPE = YES_ERROR;
				GCC_WARN_UNDECLARED_SELECTOR = YES;
				GCC_WARN_UNINITIALIZED_AUTOS = YES;
				GCC_WARN_UNUSED_FUNCTION = YES;
				GCC_WARN_UNUSED_VARIABLE = YES;
				IPHONEOS_DEPLOYMENT_TARGET = 7.0;
				ONLY_ACTIVE_ARCH = YES;
				SDKROOT = iphoneos;
			};
			name = Debug;
		};
		BE49EAF1DFEE0FA90F3BB15F /* Release */ = {
			isa = XCBuildConfiguration;
			buildSettings = {
				ASSETCATALOG_COMPILER_APPICON_NAME = AppIcon;
				ASSETCATALOG_COMPILER_LAUNCHIMAGE_NAME = LaunchImage;
				GCC_PRECOMPILE_PREFIX_HEADER = YES;
				GCC_PREFIX_HEADER = "tabBarController/tabBarController-Prefix.pch";
				INFOPLIST_FILE = "tabBarController/tabBarController-Info.plist";
				IPHONEOS_DEPLOYMENT_TARGET = 6.0;
				PRODUCT_NAME = "$(TARGET_NAME)";
				WRAPPER_EXTENSION = app;
			};
			name = Release;
		};
		BE49EBC44567CD101757DB73 /* Release */ = {
			isa = XCBuildConfiguration;
			buildSettings = {
				FRAMEWORK_SEARCH_PATHS = (
					"$(SDKROOT)/Developer/Library/Frameworks",
					"$(inherited)",
				);
				GCC_PRECOMPILE_PREFIX_HEADER = YES;
				GCC_PREFIX_HEADER = "tabBarController/tabBarController-Prefix.pch";
				INFOPLIST_FILE = "tabBarControllerTests/tabBarControllerTests-Info.plist";
				PRODUCT_NAME = "$(TARGET_NAME)";
				WRAPPER_EXTENSION = xctest;
			};
			name = Release;
		};
		BE49EC60FB7ACBA32488A77E /* Debug */ = {
			isa = XCBuildConfiguration;
			buildSettings = {
				FRAMEWORK_SEARCH_PATHS = (
					"$(SDKROOT)/Developer/Library/Frameworks",
					"$(inherited)",
				);
				GCC_PRECOMPILE_PREFIX_HEADER = YES;
				GCC_PREFIX_HEADER = "tabBarController/tabBarController-Prefix.pch";
				INFOPLIST_FILE = "tabBarControllerTests/tabBarControllerTests-Info.plist";
				PRODUCT_NAME = "$(TARGET_NAME)";
				WRAPPER_EXTENSION = xctest;
			};
			name = Debug;
		};
/* End XCBuildConfiguration section */

/* Begin XCConfigurationList section */
		BE49EA81677B3386B8685E68 /* Build configuration list for PBXNativeTarget "tabBarControllerTests" */ = {
			isa = XCConfigurationList;
			buildConfigurations = (
				BE49EBC44567CD101757DB73 /* Release */,
				BE49EC60FB7ACBA32488A77E /* Debug */,
			);
			defaultConfigurationIsVisible = 0;
			defaultConfigurationName = Release;
		};
		BE49EACB88CDF6D678DDB369 /* Build configuration list for PBXProject "tabBarController" */ = {
			isa = XCConfigurationList;
			buildConfigurations = (
				BE49E4688297A0B74484A75C /* Release */,
				BE49E646B55BA55C3A619DD3 /* Debug */,
			);
			defaultConfigurationIsVisible = 0;
			defaultConfigurationName = Release;
		};
		BE49EBA1E158E7BB27F6F72B /* Build configuration list for PBXNativeTarget "tabBarController" */ = {
			isa = XCConfigurationList;
			buildConfigurations = (
				BE49EAF1DFEE0FA90F3BB15F /* Release */,
				BE49E0049FFAEBA7007B5DC1 /* Debug */,
			);
			defaultConfigurationIsVisible = 0;
			defaultConfigurationName = Release;
		};
/* End XCConfigurationList section */
	};
	rootObject = BE49EBF4F519F266CB3AC18F /* Project object */;
}
